
Microsoft Visual Studio Solution File, Format Version 12.00
# Visual Studio Version 16
VisualStudioVersion = 16.0.31112.23
MinimumVisualStudioVersion = 10.0.40219.1
Project("{9A19103F-16F7-4668-BE54-9A1E7A4F7556}") = "SmartMeter", "SmartMeter\SmartMeter.csproj", "{0D01CBF2-20D8-4ECA-B6A1-03DEF82C3B6F}"
EndProject
Project("{9A19103F-16F7-4668-BE54-9A1E7A4F7556}") = "DataReaderCSharp", "DataReaderCSharp\DataReaderCSharp.csproj", "{F01C6DC5-A2B4-4008-9925-24F127C22574}"
EndProject
Project("{778DAE3C-4631-46EA-AA77-85C1314464D9}") = "DataReaderVB", "DataReaderVB\DataReaderVB.vbproj", "{06D12487-1CA9-4B18-926A-3D13B24AD73F}"
EndProject
Project("{2150E333-8FDC-42A3-9474-1A3956D46DE8}") = "Solution Items", "Solution Items", "{A69AB8A8-0EF8-4385-9B5A-0530A4433E0F}"
	ProjectSection(SolutionItems) = preProject
		README.md = README.md
	EndProjectSection
EndProject
Global
	GlobalSection(SolutionConfigurationPlatforms) = preSolution
		Debug|Any CPU = Debug|Any CPU
		Release|Any CPU = Release|Any CPU
	EndGlobalSection
	GlobalSection(ProjectConfigurationPlatforms) = postSolution
		{0D01CBF2-20D8-4ECA-B6A1-03DEF82C3B6F}.Debug|Any CPU.ActiveCfg = Debug|Any CPU
		{0D01CBF2-20D8-4ECA-B6A1-03DEF82C3B6F}.Debug|Any CPU.Build.0 = Debug|Any CPU
		{0D01CBF2-20D8-4ECA-B6A1-03DEF82C3B6F}.Release|Any CPU.ActiveCfg = Release|Any CPU
		{0D01CBF2-20D8-4ECA-B6A1-03DEF82C3B6F}.Release|Any CPU.Build.0 = Release|Any CPU
		{F01C6DC5-A2B4-4008-9925-24F127C22574}.Debug|Any CPU.ActiveCfg = Debug|Any CPU
		{F01C6DC5-A2B4-4008-9925-24F127C22574}.Debug|Any CPU.Build.0 = Debug|Any CPU
		{F01C6DC5-A2B4-4008-9925-24F127C22574}.Release|Any CPU.ActiveCfg = Release|Any CPU
		{F01C6DC5-A2B4-4008-9925-24F127C22574}.Release|Any CPU.Build.0 = Release|Any CPU
		{06D12487-1CA9-4B18-926A-3D13B24AD73F}.Debug|Any CPU.ActiveCfg = Debug|Any CPU
		{06D12487-1CA9-4B18-926A-3D13B24AD73F}.Debug|Any CPU.Build.0 = Debug|Any CPU
		{06D12487-1CA9-4B18-926A-3D13B24AD73F}.Release|Any CPU.ActiveCfg = Release|Any CPU
		{06D12487-1CA9-4B18-926A-3D13B24AD73F}.Release|Any CPU.Build.0 = Release|Any CPU
	EndGlobalSection
	GlobalSection(SolutionProperties) = preSolution
		HideSolutionNode = FALSE
	EndGlobalSection
	GlobalSection(ExtensibilityGlobals) = postSolution
		SolutionGuid = {0DF9C1E6-2A20-43B4-8CCE-E44165812FEC}
	EndGlobalSection
EndGlobal
